Microsoft Visual Studio Solution File, Format Version 12.00
# Visual Studio Version 17
VisualStudioVersion = 17.5.2.0
MinimumVisualStudioVersion = 10.0.40219.1
Project("{FAE04EC0-301F-11D3-BF4B-00C04F79EFBC}") = "miniCh5", "miniCh5\miniCh5.csproj", "{7BA50720-F38E-3B9E-B75F-C4D2EF0ED779}"
EndProject
Global
	GlobalSection(SolutionConfigurationPlatforms) = preSolution
		Debug|Any CPU = Debug|Any CPU
		Release|Any CPU = Release|Any CPU
	EndGlobalSection
	GlobalSection(ProjectConfigurationPlatforms) = postSolution
		{7BA50720-F38E-3B9E-B75F-C4D2EF0ED779}.Debug|Any CPU.ActiveCfg = Debug|Any CPU
		{7BA50720-F38E-3B9E-B75F-C4D2EF0ED779}.Debug|Any CPU.Build.0 = Debug|Any CPU
		{7BA50720-F38E-3B9E-B75F-C4D2EF0ED779}.Release|Any CPU.ActiveCfg = Release|Any CPU
		{7BA50720-F38E-3B9E-B75F-C4D2EF0ED779}.Release|Any CPU.Build.0 = Release|Any CPU
	EndGlobalSection
	GlobalSection(SolutionProperties) = preSolution
		HideSolutionNode = FALSE
	EndGlobalSection
	GlobalSection(ExtensibilityGlobals) = postSolution
		SolutionGuid = {125FF5F9-C84D-4B51-AA88-2616344C5AD4}
	EndGlobalSection
EndGlobal
